
Microsoft Visual Studio Solution File, Format Version 12.00
# Visual Studio Version 17
VisualStudioVersion = 17.0.31903.59
MinimumVisualStudioVersion = 10.0.40219.1
Project("{9A19103F-16F7-4668-BE54-9A1E7A4F7556}") = "API", "API\API.csproj", "{F871A9DC-2C1B-48BE-B285-7A29C6B79DF3}"
EndProject
Project("{9A19103F-16F7-4668-BE54-9A1E7A4F7556}") = "Application", "Application\Application.csproj", "{802AB0FD-4508-4B05-BDF4-3CD5FF919521}"
EndProject
Project("{9A19103F-16F7-4668-BE54-9A1E7A4F7556}") = "Domain", "Domain\Domain.csproj", "{127D1BF6-E840-41FF-B203-9BAEC129BABE}"
EndProject
Project("{9A19103F-16F7-4668-BE54-9A1E7A4F7556}") = "Persistence", "Persistence\Persistence.csproj", "{9BFEC165-953E-4764-816E-F598A04B980B}"
EndProject
Project("{2150E333-8FDC-42A3-9474-1A3956D46DE8}") = "Tests", "Tests", "{C30C1E3A-98BC-4066-AAAB-F83B52EBB6C9}"
EndProject
Project("{2150E333-8FDC-42A3-9474-1A3956D46DE8}") = "Src", "Src", "{AACA2127-7D28-4082-BACE-950DE6FD2016}"
EndProject
Project("{9A19103F-16F7-4668-BE54-9A1E7A4F7556}") = "DomainTests", "DomainTests\DomainTests.csproj", "{972362E8-8588-45E9-9C7E-F31B7DA752A7}"
EndProject
Project("{2150E333-8FDC-42A3-9474-1A3956D46DE8}") = "Infrastructure", "Infrastructure", "{869108FF-8C28-4393-99DE-7CF16EDA7516}"
EndProject
Project("{9A19103F-16F7-4668-BE54-9A1E7A4F7556}") = "DbMigrations", "DbMigrations\DbMigrations.csproj", "{375466E6-171A-41EB-9069-DBA59A96EF0B}"
EndProject
Project("{9A19103F-16F7-4668-BE54-9A1E7A4F7556}") = "InsuredMemberData", "InsuredMemberData\InsuredMemberData.csproj", "{7673B3C2-7E03-43DE-B7BF-7AEA0ECDBF9B}"
EndProject
Project("{2150E333-8FDC-42A3-9474-1A3956D46DE8}") = "Web", "Web", "{046AE7CE-CDFE-4E42-801C-330ADBFF3B3C}"
EndProject
Project("{FAE04EC0-301F-11D3-BF4B-00C04F79EFBC}") = "InsuranceWeb", "InsuranceWeb\InsuranceWeb.csproj", "{CFE2E13B-5F2A-416D-9DF7-DE33D2C688B3}"
EndProject
Global
	GlobalSection(SolutionConfigurationPlatforms) = preSolution
		Debug|Any CPU = Debug|Any CPU
		Release|Any CPU = Release|Any CPU
	EndGlobalSection
	GlobalSection(ProjectConfigurationPlatforms) = postSolution
		{F871A9DC-2C1B-48BE-B285-7A29C6B79DF3}.Debug|Any CPU.ActiveCfg = Debug|Any CPU
		{F871A9DC-2C1B-48BE-B285-7A29C6B79DF3}.Debug|Any CPU.Build.0 = Debug|Any CPU
		{F871A9DC-2C1B-48BE-B285-7A29C6B79DF3}.Release|Any CPU.ActiveCfg = Release|Any CPU
		{F871A9DC-2C1B-48BE-B285-7A29C6B79DF3}.Release|Any CPU.Build.0 = Release|Any CPU
		{802AB0FD-4508-4B05-BDF4-3CD5FF919521}.Debug|Any CPU.ActiveCfg = Debug|Any CPU
		{802AB0FD-4508-4B05-BDF4-3CD5FF919521}.Debug|Any CPU.Build.0 = Debug|Any CPU
		{802AB0FD-4508-4B05-BDF4-3CD5FF919521}.Release|Any CPU.ActiveCfg = Release|Any CPU
		{802AB0FD-4508-4B05-BDF4-3CD5FF919521}.Release|Any CPU.Build.0 = Release|Any CPU
		{127D1BF6-E840-41FF-B203-9BAEC129BABE}.Debug|Any CPU.ActiveCfg = Debug|Any CPU
		{127D1BF6-E840-41FF-B203-9BAEC129BABE}.Debug|Any CPU.Build.0 = Debug|Any CPU
		{127D1BF6-E840-41FF-B203-9BAEC129BABE}.Release|Any CPU.ActiveCfg = Release|Any CPU
		{127D1BF6-E840-41FF-B203-9BAEC129BABE}.Release|Any CPU.Build.0 = Release|Any CPU
		{9BFEC165-953E-4764-816E-F598A04B980B}.Debug|Any CPU.ActiveCfg = Debug|Any CPU
		{9BFEC165-953E-4764-816E-F598A04B980B}.Debug|Any CPU.Build.0 = Debug|Any CPU
		{9BFEC165-953E-4764-816E-F598A04B980B}.Release|Any CPU.ActiveCfg = Release|Any CPU
		{9BFEC165-953E-4764-816E-F598A04B980B}.Release|Any CPU.Build.0 = Release|Any CPU
		{972362E8-8588-45E9-9C7E-F31B7DA752A7}.Debug|Any CPU.ActiveCfg = Debug|Any CPU
		{972362E8-8588-45E9-9C7E-F31B7DA752A7}.Debug|Any CPU.Build.0 = Debug|Any CPU
		{972362E8-8588-45E9-9C7E-F31B7DA752A7}.Release|Any CPU.ActiveCfg = Release|Any CPU
		{972362E8-8588-45E9-9C7E-F31B7DA752A7}.Release|Any CPU.Build.0 = Release|Any CPU
		{375466E6-171A-41EB-9069-DBA59A96EF0B}.Debug|Any CPU.ActiveCfg = Debug|Any CPU
		{375466E6-171A-41EB-9069-DBA59A96EF0B}.Debug|Any CPU.Build.0 = Debug|Any CPU
		{375466E6-171A-41EB-9069-DBA59A96EF0B}.Release|Any CPU.ActiveCfg = Release|Any CPU
		{375466E6-171A-41EB-9069-DBA59A96EF0B}.Release|Any CPU.Build.0 = Release|Any CPU
		{7673B3C2-7E03-43DE-B7BF-7AEA0ECDBF9B}.Debug|Any CPU.ActiveCfg = Debug|Any CPU
		{7673B3C2-7E03-43DE-B7BF-7AEA0ECDBF9B}.Debug|Any CPU.Build.0 = Debug|Any CPU
		{7673B3C2-7E03-43DE-B7BF-7AEA0ECDBF9B}.Release|Any CPU.ActiveCfg = Release|Any CPU
		{7673B3C2-7E03-43DE-B7BF-7AEA0ECDBF9B}.Release|Any CPU.Build.0 = Release|Any CPU
		{CFE2E13B-5F2A-416D-9DF7-DE33D2C688B3}.Debug|Any CPU.ActiveCfg = Debug|Any CPU
		{CFE2E13B-5F2A-416D-9DF7-DE33D2C688B3}.Debug|Any CPU.Build.0 = Debug|Any CPU
		{CFE2E13B-5F2A-416D-9DF7-DE33D2C688B3}.Release|Any CPU.ActiveCfg = Release|Any CPU
		{CFE2E13B-5F2A-416D-9DF7-DE33D2C688B3}.Release|Any CPU.Build.0 = Release|Any CPU
	EndGlobalSection
	GlobalSection(SolutionProperties) = preSolution
		HideSolutionNode = FALSE
	EndGlobalSection
	GlobalSection(NestedProjects) = preSolution
		{F871A9DC-2C1B-48BE-B285-7A29C6B79DF3} = {AACA2127-7D28-4082-BACE-950DE6FD2016}
		{802AB0FD-4508-4B05-BDF4-3CD5FF919521} = {AACA2127-7D28-4082-BACE-950DE6FD2016}
		{127D1BF6-E840-41FF-B203-9BAEC129BABE} = {AACA2127-7D28-4082-BACE-950DE6FD2016}
		{9BFEC165-953E-4764-816E-F598A04B980B} = {869108FF-8C28-4393-99DE-7CF16EDA7516}
		{972362E8-8588-45E9-9C7E-F31B7DA752A7} = {C30C1E3A-98BC-4066-AAAB-F83B52EBB6C9}
		{869108FF-8C28-4393-99DE-7CF16EDA7516} = {AACA2127-7D28-4082-BACE-950DE6FD2016}
		{375466E6-171A-41EB-9069-DBA59A96EF0B} = {869108FF-8C28-4393-99DE-7CF16EDA7516}
		{7673B3C2-7E03-43DE-B7BF-7AEA0ECDBF9B} = {869108FF-8C28-4393-99DE-7CF16EDA7516}
		{046AE7CE-CDFE-4E42-801C-330ADBFF3B3C} = {AACA2127-7D28-4082-BACE-950DE6FD2016}
		{CFE2E13B-5F2A-416D-9DF7-DE33D2C688B3} = {046AE7CE-CDFE-4E42-801C-330ADBFF3B3C}
	EndGlobalSection
	GlobalSection(ExtensibilityGlobals) = postSolution
		SolutionGuid = {80CF5D67-8C8B-4DAD-9437-0B1820383653}
	EndGlobalSection
EndGlobal
